
Microsoft Visual Studio Solution File, Format Version 12.00
# Visual Studio 2013
VisualStudioVersion = 12.0.30110.0
MinimumVisualStudioVersion = 10.0.40219.1
Project("{FAE04EC0-301F-11D3-BF4B-00C04F79EFBC}") = "bcpJson", "bcpJson.csproj", "{6CDAB183-C81B-48ED-9817-38EEE9900FAD}"
EndProject
Global
	GlobalSection(SolutionConfigurationPlatforms) = preSolution
		Debug|Any CPU = Debug|Any CPU
		Release|Any CPU = Release|Any CPU
	EndGlobalSection
	GlobalSection(ProjectConfigurationPlatforms) = postSolution
		{6CDAB183-C81B-48ED-9817-38EEE9900FAD}.Debug|Any CPU.ActiveCfg = Debug|Any CPU
		{6CDAB183-C81B-48ED-9817-38EEE9900FAD}.Debug|Any CPU.Build.0 = Debug|Any CPU
		{6CDAB183-C81B-48ED-9817-38EEE9900FAD}.Release|Any CPU.ActiveCfg = Release|Any CPU
		{6CDAB183-C81B-48ED-9817-38EEE9900FAD}.Release|Any CPU.Build.0 = Release|Any CPU
	EndGlobalSection
	GlobalSection(SolutionProperties) = preSolution
		HideSolutionNode = FALSE
	EndGlobalSection
EndGlobal
